// !$*UTF8*$!
{
	archiveVersion = 1;
	classes = {
	};
	objectVersion = 56;
	objects = {

/* Begin PBXBuildFile section */
		EF1ECAEA29596C14004CCA9F /* AppDelegate.swift in Sources */ = {isa = PBXBuildFile; fileRef = EF1ECAE929596C14004CCA9F /* AppDelegate.swift */; };
		EF1ECAEC29596C14004CCA9F /* SceneDelegate.swift in Sources */ = {isa = PBXBuildFile; fileRef = EF1ECAEB29596C14004CCA9F /* SceneDelegate.swift */; };
		EF1ECAEE29596C14004CCA9F /* ViewController.swift in Sources */ = {isa = PBXBuildFile; fileRef = EF1ECAED29596C14004CCA9F /* ViewController.swift */; };
		EF1ECAF129596C14004CCA9F /* Main.storyboard in Resources */ = {isa = PBXBuildFile; fileRef = EF1ECAEF29596C14004CCA9F /* Main.storyboard */; };
		EF1ECAF329596C16004CCA9F /* Assets.xcassets in Resources */ = {isa = PBXBuildFile; fileRef = EF1ECAF229596C16004CCA9F /* Assets.xcassets */; };
		EF1ECAF629596C16004CCA9F /* LaunchScreen.storyboard in Resources */ = {isa = PBXBuildFile; fileRef = EF1ECAF429596C16004CCA9F /* LaunchScreen.storyboard */; };
		EF1ECAFE29596C69004CCA9F /* CollegeAddmissionP.swift in Sources */ = {isa = PBXBuildFile; fileRef = EF1ECAFD29596C69004CCA9F /* CollegeAddmissionP.swift */; };
		EF1ECB0029596C8C004CCA9F /* OutPutViewController.swift in Sources */ = {isa = PBXBuildFile; fileRef = EF1ECAFF29596C8C004CCA9F /* OutPutViewController.swift */; };
		EFF7A1C82959AD4800CF7613 /* CollegeAddmissionViewController.swift in Sources */ = {isa = PBXBuildFile; fileRef = EFF7A1C72959AD4800CF7613 /* CollegeAddmissionViewController.swift */; };
/* End PBXBuildFile section */

/* Begin PBXFileReference section */
		EF1ECAE629596C14004CCA9F /* collegeaddmission.app */ = {isa = PBXFileReference; explicitFileType = wrapper.application; includeInIndex = 0; path = collegeaddmission.app; sourceTree = BUILT_PRODUCTS_DIR; };
		EF1ECAE929596C14004CCA9F /* AppDelegate.swift */ = {isa = PBXFileReference; lastKnownFileType = sourcecode.swift; path = AppDelegate.swift; sourceTree = "<group>"; };
		EF1ECAEB29596C14004CCA9F /* SceneDelegate.swift */ = {isa = PBXFileReference; lastKnownFileType = sourcecode.swift; path = SceneDelegate.swift; sourceTree = "<group>"; };
		EF1ECAED29596C14004CCA9F /* ViewController.swift */ = {isa = PBXFileReference; lastKnownFileType = sourcecode.swift; path = ViewController.swift; sourceTree = "<group>"; };
		EF1ECAF029596C14004CCA9F /* Base */ = {isa = PBXFileReference; lastKnownFileType = file.storyboard; name = Base; path = Base.lproj/Main.storyboard; sourceTree = "<group>"; };
		EF1ECAF229596C16004CCA9F /* Assets.xcassets */ = {isa = PBXFileReference; lastKnownFileType = folder.assetcatalog; path = Assets.xcassets; sourceTree = "<group>"; };
		EF1ECAF529596C16004CCA9F /* Base */ = {isa = PBXFileReference; lastKnownFileType = file.storyboard; name = Base; path = Base.lproj/LaunchScreen.storyboard; sourceTree = "<group>"; };
		EF1ECAF729596C16004CCA9F /* Info.plist */ = {isa = PBXFileReference; lastKnownFileType = text.plist.xml; path = Info.plist; sourceTree = "<group>"; };
		EF1ECAFD29596C69004CCA9F /* CollegeAddmissionP.swift */ = {isa = PBXFileReference; lastKnownFileType = sourcecode.swift; path = CollegeAddmissionP.swift; sourceTree = "<group>"; };
		EF1ECAFF29596C8C004CCA9F /* OutPutViewController.swift */ = {isa = PBXFileReference; lastKnownFileType = sourcecode.swift; path = OutPutViewController.swift; sourceTree = "<group>"; };
		EFF7A1C72959AD4800CF7613 /* CollegeAddmissionViewController.swift */ = {isa = PBXFileReference; lastKnownFileType = sourcecode.swift; path = CollegeAddmissionViewController.swift; sourceTree = "<group>"; };
/* End PBXFileReference section */

/* Begin PBXFrameworksBuildPhase section */
		EF1ECAE329596C14004CCA9F /* Frameworks */ = {
			isa = PBXFrameworksBuildPhase;
			buildActionMask = 2147483647;
			files = (
			);
			runOnlyForDeploymentPostprocessing = 0;
		};
/* End PBXFrameworksBuildPhase section */

/* Begin PBXGroup section */
		EF1ECADD29596C14004CCA9F = {
			isa = PBXGroup;
			children = (
				EF1ECAE829596C14004CCA9F /* collegeaddmission */,
				EF1ECAE729596C14004CCA9F /* Products */,
			);
			sourceTree = "<group>";
		};
		EF1ECAE729596C14004CCA9F /* Products */ = {
			isa = PBXGroup;
			children = (
				EF1ECAE629596C14004CCA9F /* collegeaddmission.app */,
			);
			name = Products;
			sourceTree = "<group>";
		};
		EF1ECAE829596C14004CCA9F /* collegeaddmission */ = {
			isa = PBXGroup;
			children = (
				EF1ECAE929596C14004CCA9F /* AppDelegate.swift */,
				EF1ECAEB29596C14004CCA9F /* SceneDelegate.swift */,
				EF1ECAED29596C14004CCA9F /* ViewController.swift */,
				EFF7A1C72959AD4800CF7613 /* CollegeAddmissionViewController.swift */,
				EF1ECAFF29596C8C004CCA9F /* OutPutViewController.swift */,
				EF1ECAFD29596C69004CCA9F /* CollegeAddmissionP.swift */,
				EF1ECAEF29596C14004CCA9F /* Main.storyboard */,
				EF1ECAF229596C16004CCA9F /* Assets.xcassets */,
				EF1ECAF429596C16004CCA9F /* LaunchScreen.storyboard */,
				EF1ECAF729596C16004CCA9F /* Info.plist */,
			);
			path = collegeaddmission;
			sourceTree = "<group>";
		};
/* End PBXGroup section */

/* Begin PBXNativeTarget section */
		EF1ECAE529596C14004CCA9F /* collegeaddmission */ = {
			isa = PBXNativeTarget;
			buildConfigurationList = EF1ECAFA29596C16004CCA9F /* Build configuration list for PBXNativeTarget "collegeaddmission" */;
			buildPhases = (
				EF1ECAE229596C14004CCA9F /* Sources */,
				EF1ECAE329596C14004CCA9F /* Frameworks */,
				EF1ECAE429596C14004CCA9F /* Resources */,
			);
			buildRules = (
			);
			dependencies = (
			);
			name = collegeaddmission;
			productName = collegeaddmission;
			productReference = EF1ECAE629596C14004CCA9F /* collegeaddmission.app */;
			productType = "com.apple.product-type.application";
		};
/* End PBXNativeTarget section */

/* Begin PBXProject section */
		EF1ECADE29596C14004CCA9F /* Project object */ = {
			isa = PBXProject;
			attributes = {
				BuildIndependentTargetsInParallel = 1;
				LastSwiftUpdateCheck = 1420;
				LastUpgradeCheck = 1420;
				TargetAttributes = {
					EF1ECAE529596C14004CCA9F = {
						CreatedOnToolsVersion = 14.2;
					};
				};
			};
			buildConfigurationList = EF1ECAE129596C14004CCA9F /* Build configuration list for PBXProject "collegeaddmission" */;
			compatibilityVersion = "Xcode 14.0";
			developmentRegion = en;
			hasScannedForEncodings = 0;
			knownRegions = (
				en,
				Base,
			);
			mainGroup = EF1ECADD29596C14004CCA9F;
			productRefGroup = EF1ECAE729596C14004CCA9F /* Products */;
			projectDirPath = "";
			projectRoot = "";
			targets = (
				EF1ECAE529596C14004CCA9F /* collegeaddmission */,
			);
		};
/* End PBXProject section */

/* Begin PBXResourcesBuildPhase section */
		EF1ECAE429596C14004CCA9F /* Resources */ = {
			isa = PBXResourcesBuildPhase;
			buildActionMask = 2147483647;
			files = (
				EF1ECAF629596C16004CCA9F /* LaunchScreen.storyboard in Resources */,
				EF1ECAF329596C16004CCA9F /* Assets.xcassets in Resources */,
				EF1ECAF129596C14004CCA9F /* Main.storyboard in Resources */,
			);
			runOnlyForDeploymentPostprocessing = 0;
		};
/* End PBXResourcesBuildPhase section */

/* Begin PBXSourcesBuildPhase section */
		EF1ECAE229596C14004CCA9F /* Sources */ = {
			isa = PBXSourcesBuildPhase;
			buildActionMask = 2147483647;
			files = (
				EF1ECB0029596C8C004CCA9F /* OutPutViewController.swift in Sources */,
				EF1ECAEE29596C14004CCA9F /* ViewController.swift in Sources */,
				EF1ECAFE29596C69004CCA9F /* CollegeAddmissionP.swift in Sources */,
				EF1ECAEA29596C14004CCA9F /* AppDelegate.swift in Sources */,
				EF1ECAEC29596C14004CCA9F /* SceneDelegate.swift in Sources */,
				EFF7A1C82959AD4800CF7613 /* CollegeAddmissionViewController.swift in Sources */,
			);
			runOnlyForDeploymentPostprocessing = 0;
		};
/* End PBXSourcesBuildPhase section */

/* Begin PBXVariantGroup section */
		EF1ECAEF29596C14004CCA9F /* Main.storyboard */ = {
			isa = PBXVariantGroup;
			children = (
				EF1ECAF029596C14004CCA9F /* Base */,
			);
			name = Main.storyboard;
			sourceTree = "<group>";
		};
		EF1ECAF429596C16004CCA9F /* LaunchScreen.storyboard */ = {
			isa = PBXVariantGroup;
			children = (
				EF1ECAF529596C16004CCA9F /* Base */,
			);
			name = LaunchScreen.storyboard;
			sourceTree = "<group>";
		};
/* End PBXVariantGroup section */

/* Begin XCBuildConfiguration section */
		EF1ECAF829596C16004CCA9F /* Debug */ = {
			isa = XCBuildConfiguration;
			buildSettings = {
				ALWAYS_SEARCH_USER_PATHS = NO;
				CLANG_ANALYZER_NONNULL = YES;
				CLANG_ANALYZER_NUMBER_OBJECT_CONVERSION = YES_AGGRESSIVE;
				CLANG_CXX_LANGUAGE_STANDARD = "gnu++20";
				CLANG_ENABLE_MODULES = YES;
				CLANG_ENABLE_OBJC_ARC = YES;
				CLANG_ENABLE_OBJC_WEAK = YES;
				CLANG_WARN_BLOCK_CAPTURE_AUTORELEASING = YES;
				CLANG_WARN_BOOL_CONVERSION = YES;
				CLANG_WARN_COMMA = YES;
				CLANG_WARN_CONSTANT_CONVERSION = YES;
				CLANG_WARN_DEPRECATED_OBJC_IMPLEMENTATIONS = YES;
				CLANG_WARN_DIRECT_OBJC_ISA_USAGE = YES_ERROR;
				CLANG_WARN_DOCUMENTATION_COMMENTS = YES;
				CLANG_WARN_EMPTY_BODY = YES;
				CLANG_WARN_ENUM_CONVERSION = YES;
				CLANG_WARN_INFINITE_RECURSION = YES;
				CLANG_WARN_INT_CONVERSION = YES;
				CLANG_WARN_NON_LITERAL_NULL_CONVERSION = YES;
				CLANG_WARN_OBJC_IMPLICIT_RETAIN_SELF = YES;
				CLANG_WARN_OBJC_LITERAL_CONVERSION = YES;
				CLANG_WARN_OBJC_ROOT_CLASS = YES_ERROR;
				CLANG_WARN_QUOTED_INCLUDE_IN_FRAMEWORK_HEADER = YES;
				CLANG_WARN_RANGE_LOOP_ANALYSIS = YES;
				CLANG_WARN_STRICT_PROTOTYPES = YES;
				CLANG_WARN_SUSPICIOUS_MOVE = YES;
				CLANG_WARN_UNGUARDED_AVAILABILITY = YES_AGGRESSIVE;
				CLANG_WARN_UNREACHABLE_CODE = YES;
				CLANG_WARN__DUPLICATE_METHOD_MATCH = YES;
				COPY_PHASE_STRIP = NO;
				DEBUG_INFORMATION_FORMAT = dwarf;
				ENABLE_STRICT_OBJC_MSGSEND = YES;
				ENABLE_TESTABILITY = YES;
				GCC_C_LANGUAGE_STANDARD = gnu11;
				GCC_DYNAMIC_NO_PIC = NO;
				GCC_NO_COMMON_BLOCKS = YES;
				GCC_OPTIMIZATION_LEVEL = 0;
				GCC_PREPROCESSOR_DEFINITIONS = (
					"DEBUG=1",
					"$(inherited)",
				);
				GCC_WARN_64_TO_32_BIT_CONVERSION = YES;
				GCC_WARN_ABOUT_RETURN_TYPE = YES_ERROR;
				GCC_WARN_UNDECLARED_SELECTOR = YES;
				GCC_WARN_UNINITIALIZED_AUTOS = YES_AGGRESSIVE;
				GCC_WARN_UNUSED_FUNCTION = YES;
				GCC_WARN_UNUSED_VARIABLE = YES;
				IPHONEOS_DEPLOYMENT_TARGET = 16.2;
				MTL_ENABLE_DEBUG_INFO = INCLUDE_SOURCE;
				MTL_FAST_MATH = YES;
				ONLY_ACTIVE_ARCH = YES;
				SDKROOT = iphoneos;
				SWIFT_ACTIVE_COMPILATION_CONDITIONS = DEBUG;
				SWIFT_OPTIMIZATION_LEVEL = "-Onone";
			};
			name = Debug;
		};
		EF1ECAF929596C16004CCA9F /* Release */ = {
			isa = XCBuildConfiguration;
			buildSettings = {
				ALWAYS_SEARCH_USER_PATHS = NO;
				CLANG_ANALYZER_NONNULL = YES;
				CLANG_ANALYZER_NUMBER_OBJECT_CONVERSION = YES_AGGRESSIVE;
				CLANG_CXX_LANGUAGE_STANDARD = "gnu++20";
				CLANG_ENABLE_MODULES = YES;
				CLANG_ENABLE_OBJC_ARC = YES;
				CLANG_ENABLE_OBJC_WEAK = YES;
				CLANG_WARN_BLOCK_CAPTURE_AUTORELEASING = YES;
				CLANG_WARN_BOOL_CONVERSION = YES;
				CLANG_WARN_COMMA = YES;
				CLANG_WARN_CONSTANT_CONVERSION = YES;
				CLANG_WARN_DEPRECATED_OBJC_IMPLEMENTATIONS = YES;
				CLANG_WARN_DIRECT_OBJC_ISA_USAGE = YES_ERROR;
				CLANG_WARN_DOCUMENTATION_COMMENTS = YES;
				CLANG_WARN_EMPTY_BODY = YES;
				CLANG_WARN_ENUM_CONVERSION = YES;
				CLANG_WARN_INFINITE_RECURSION = YES;
				CLANG_WARN_INT_CONVERSION = YES;
				CLANG_WARN_NON_LITERAL_NULL_CONVERSION = YES;
				CLANG_WARN_OBJC_IMPLICIT_RETAIN_SELF = YES;
				CLANG_WARN_OBJC_LITERAL_CONVERSION = YES;
				CLANG_WARN_OBJC_ROOT_CLASS = YES_ERROR;
				CLANG_WARN_QUOTED_INCLUDE_IN_FRAMEWORK_HEADER = YES;
				CLANG_WARN_RANGE_LOOP_ANALYSIS = YES;
				CLANG_WARN_STRICT_PROTOTYPES = YES;
				CLANG_WARN_SUSPICIOUS_MOVE = YES;
				CLANG_WARN_UNGUARDED_AVAILABILITY = YES_AGGRESSIVE;
				CLANG_WARN_UNREACHABLE_CODE = YES;
				CLANG_WARN__DUPLICATE_METHOD_MATCH = YES;
				COPY_PHASE_STRIP = NO;
				DEBUG_INFORMATION_FORMAT = "dwarf-with-dsym";
				ENABLE_NS_ASSERTIONS = NO;
				ENABLE_STRICT_OBJC_MSGSEND = YES;
				GCC_C_LANGUAGE_STANDARD = gnu11;
				GCC_NO_COMMON_BLOCKS = YES;
				GCC_WARN_64_TO_32_BIT_CONVERSION = YES;
				GCC_WARN_ABOUT_RETURN_TYPE = YES_ERROR;
				GCC_WARN_UNDECLARED_SELECTOR = YES;
				GCC_WARN_UNINITIALIZED_AUTOS = YES_AGGRESSIVE;
				GCC_WARN_UNUSED_FUNCTION = YES;
				GCC_WARN_UNUSED_VARIABLE = YES;
				IPHONEOS_DEPLOYMENT_TARGET = 16.2;
				MTL_ENABLE_DEBUG_INFO = NO;
				MTL_FAST_MATH = YES;
				SDKROOT = iphoneos;
				SWIFT_COMPILATION_MODE = wholemodule;
				SWIFT_OPTIMIZATION_LEVEL = "-O";
				VALIDATE_PRODUCT = YES;
			};
			name = Release;
		};
		EF1ECAFB29596C16004CCA9F /* Debug */ = {
			isa = XCBuildConfiguration;
			buildSettings = {
				ASSETCATALOG_COMPILER_APPICON_NAME = AppIcon;
				ASSETCATALOG_COMPILER_GLOBAL_ACCENT_COLOR_NAME = AccentColor;
				CODE_SIGN_STYLE = Automatic;
				CURRENT_PROJECT_VERSION = 1;
				GENERATE_INFOPLIST_FILE = YES;
				INFOPLIST_FILE = collegeaddmission/Info.plist;
				INFOPLIST_KEY_UIApplicationSupportsIndirectInputEvents = YES;
				INFOPLIST_KEY_UILaunchStoryboardName = LaunchScreen;
				INFOPLIST_KEY_UIMainStoryboardFile = Main;
				INFOPLIST_KEY_UISupportedInterfaceOrientations_iPad = "UIInterfaceOrientationPortrait UIInterfaceOrientationPortraitUpsideDown UIInterfaceOrientationLandscapeLeft UIInterfaceOrientationLandscapeRight";
				INFOPLIST_KEY_UISupportedInterfaceOrientations_iPhone = "UIInterfaceOrientationPortrait UIInterfaceOrientationLandscapeLeft UIInterfaceOrientationLandscapeRight";
				LD_RUNPATH_SEARCH_PATHS = (
					"$(inherited)",
					"@executable_path/Frameworks",
				);
				MARKETING_VERSION = 1.0;
				PRODUCT_BUNDLE_IDENTIFIER = forloop.collegeaddmission;
				PRODUCT_NAME = "$(TARGET_NAME)";
				SWIFT_EMIT_LOC_STRINGS = YES;
				SWIFT_VERSION = 5.0;
				TARGETED_DEVICE_FAMILY = "1,2";
			};
			name = Debug;
		};
		EF1ECAFC29596C16004CCA9F /* Release */ = {
			isa = XCBuildConfiguration;
			buildSettings = {
				ASSETCATALOG_COMPILER_APPICON_NAME = AppIcon;
				ASSETCATALOG_COMPILER_GLOBAL_ACCENT_COLOR_NAME = AccentColor;
				CODE_SIGN_STYLE = Automatic;
				CURRENT_PROJECT_VERSION = 1;
				GENERATE_INFOPLIST_FILE = YES;
				INFOPLIST_FILE = collegeaddmission/Info.plist;
				INFOPLIST_KEY_UIApplicationSupportsIndirectInputEvents = YES;
				INFOPLIST_KEY_UILaunchStoryboardName = LaunchScreen;
				INFOPLIST_KEY_UIMainStoryboardFile = Main;
				INFOPLIST_KEY_UISupportedInterfaceOrientations_iPad = "UIInterfaceOrientationPortrait UIInterfaceOrientationPortraitUpsideDown UIInterfaceOrientationLandscapeLeft UIInterfaceOrientationLandscapeRight";
				INFOPLIST_KEY_UISupportedInterfaceOrientations_iPhone = "UIInterfaceOrientationPortrait UIInterfaceOrientationLandscapeLeft UIInterfaceOrientationLandscapeRight";
				LD_RUNPATH_SEARCH_PATHS = (
					"$(inherited)",
					"@executable_path/Frameworks",
				);
				MARKETING_VERSION = 1.0;
				PRODUCT_BUNDLE_IDENTIFIER = forloop.collegeaddmission;
				PRODUCT_NAME = "$(TARGET_NAME)";
				SWIFT_EMIT_LOC_STRINGS = YES;
				SWIFT_VERSION = 5.0;
				TARGETED_DEVICE_FAMILY = "1,2";
			};
			name = Release;
		};
/* End XCBuildConfiguration section */

/* Begin XCConfigurationList section */
		EF1ECAE129596C14004CCA9F /* Build configuration list for PBXProject "collegeaddmission" */ = {
			isa = XCConfigurationList;
			buildConfigurations = (
				EF1ECAF829596C16004CCA9F /* Debug */,
				EF1ECAF929596C16004CCA9F /* Release */,
			);
			defaultConfigurationIsVisible = 0;
			defaultConfigurationName = Release;
		};
		EF1ECAFA29596C16004CCA9F /* Build configuration list for PBXNativeTarget "collegeaddmission" */ = {
			isa = XCConfigurationList;
			buildConfigurations = (
				EF1ECAFB29596C16004CCA9F /* Debug */,
				EF1ECAFC29596C16004CCA9F /* Release */,
			);
			defaultConfigurationIsVisible = 0;
			defaultConfigurationName = Release;
		};
/* End XCConfigurationList section */
	};
	rootObject = EF1ECADE29596C14004CCA9F /* Project object */;
}
